
Microsoft Visual Studio Solution File, Format Version 12.00
# Visual Studio Version 17
VisualStudioVersion = 17.3.32819.101
MinimumVisualStudioVersion = 10.0.40219.1
Project("{FAE04EC0-301F-11D3-BF4B-00C04F79EFBC}") = "SHVFS_P101_GD08_Oprah_C04", "SHVFS_P101_GD08_Oprah_C04\SHVFS_P101_GD08_Oprah_C04.csproj", "{AFC7BDD8-B7DD-409F-A77E-9530AFAB4248}"
EndProject
Global
	GlobalSection(SolutionConfigurationPlatforms) = preSolution
		Debug|Any CPU = Debug|Any CPU
		Release|Any CPU = Release|Any CPU
	EndGlobalSection
	GlobalSection(ProjectConfigurationPlatforms) = postSolution
		{AFC7BDD8-B7DD-409F-A77E-9530AFAB4248}.Debug|Any CPU.ActiveCfg = Debug|Any CPU
		{AFC7BDD8-B7DD-409F-A77E-9530AFAB4248}.Debug|Any CPU.Build.0 = Debug|Any CPU
		{AFC7BDD8-B7DD-409F-A77E-9530AFAB4248}.Release|Any CPU.ActiveCfg = Release|Any CPU
		{AFC7BDD8-B7DD-409F-A77E-9530AFAB4248}.Release|Any CPU.Build.0 = Release|Any CPU
	EndGlobalSection
	GlobalSection(SolutionProperties) = preSolution
		HideSolutionNode = FALSE
	EndGlobalSection
	GlobalSection(ExtensibilityGlobals) = postSolution
		SolutionGuid = {FCEADC1D-11D8-445F-9824-C1A03775327C}
	EndGlobalSection
EndGlobal
